{
  "object": {
    "pins": [
      {
        "package": "Purchases",
        "repositoryURL": "https://github.com/RevenueCat/purchases-ios.git",
        "state": {
          "branch": "identityv3_bug_bash",
          "revision": "2c25e4a9d35189350585d34530a0eaa9be0f1f34",
          "version": null
        }
      }
    ]
  },
  "version": 1
}
